// !$*UTF8*$!
{
	archiveVersion = 1;
	classes = {
	};
	objectVersion = 46;
	objects = {

/* Begin PBXBuildFile section */
		8DCD66B21C4C677E00590959 /* AppDelegate.swift in Sources */ = {isa = PBXBuildFile; fileRef = 8DCD66B11C4C677E00590959 /* AppDelegate.swift */; };
		8DCD66B41C4C677E00590959 /* ViewController.swift in Sources */ = {isa = PBXBuildFile; fileRef = 8DCD66B31C4C677E00590959 /* ViewController.swift */; };
		8DCD66B71C4C677E00590959 /* Main.storyboard in Resources */ = {isa = PBXBuildFile; fileRef = 8DCD66B51C4C677E00590959 /* Main.storyboard */; };
		8DCD66B91C4C677E00590959 /* Assets.xcassets in Resources */ = {isa = PBXBuildFile; fileRef = 8DCD66B81C4C677E00590959 /* Assets.xcassets */; };
		8DCD66BC1C4C677E00590959 /* LaunchScreen.storyboard in Resources */ = {isa = PBXBuildFile; fileRef = 8DCD66BA1C4C677E00590959 /* LaunchScreen.storyboard */; };
		8DCD66D91C4C67E300590959 /* bg.png in Resources */ = {isa = PBXBuildFile; fileRef = 8DCD66C31C4C67E300590959 /* bg.png */; };
		8DCD66DA1C4C67E300590959 /* bite.wav in Resources */ = {isa = PBXBuildFile; fileRef = 8DCD66C41C4C67E300590959 /* bite.wav */; };
		8DCD66DB1C4C67E300590959 /* cave-music.mp3 in Resources */ = {isa = PBXBuildFile; fileRef = 8DCD66C51C4C67E300590959 /* cave-music.mp3 */; };
		8DCD66DC1C4C67E300590959 /* creature.png in Resources */ = {isa = PBXBuildFile; fileRef = 8DCD66C61C4C67E300590959 /* creature.png */; };
		8DCD66DD1C4C67E300590959 /* dead1.png in Resources */ = {isa = PBXBuildFile; fileRef = 8DCD66C71C4C67E300590959 /* dead1.png */; };
		8DCD66DE1C4C67E300590959 /* dead2.png in Resources */ = {isa = PBXBuildFile; fileRef = 8DCD66C81C4C67E300590959 /* dead2.png */; };
		8DCD66DF1C4C67E300590959 /* dead3.png in Resources */ = {isa = PBXBuildFile; fileRef = 8DCD66C91C4C67E300590959 /* dead3.png */; };
		8DCD66E01C4C67E300590959 /* dead4.png in Resources */ = {isa = PBXBuildFile; fileRef = 8DCD66CA1C4C67E300590959 /* dead4.png */; };
		8DCD66E11C4C67E300590959 /* dead5.png in Resources */ = {isa = PBXBuildFile; fileRef = 8DCD66CB1C4C67E300590959 /* dead5.png */; };
		8DCD66E21C4C67E300590959 /* death.wav in Resources */ = {isa = PBXBuildFile; fileRef = 8DCD66CC1C4C67E300590959 /* death.wav */; };
		8DCD66E31C4C67E300590959 /* food.png in Resources */ = {isa = PBXBuildFile; fileRef = 8DCD66CD1C4C67E300590959 /* food.png */; };
		8DCD66E41C4C67E300590959 /* ground.png in Resources */ = {isa = PBXBuildFile; fileRef = 8DCD66CE1C4C67E300590959 /* ground.png */; };
		8DCD66E51C4C67E300590959 /* heart.png in Resources */ = {isa = PBXBuildFile; fileRef = 8DCD66CF1C4C67E300590959 /* heart.png */; };
		8DCD66E61C4C67E300590959 /* heart.wav in Resources */ = {isa = PBXBuildFile; fileRef = 8DCD66D01C4C67E300590959 /* heart.wav */; };
		8DCD66E71C4C67E300590959 /* idle1.png in Resources */ = {isa = PBXBuildFile; fileRef = 8DCD66D11C4C67E300590959 /* idle1.png */; };
		8DCD66E81C4C67E300590959 /* idle2.png in Resources */ = {isa = PBXBuildFile; fileRef = 8DCD66D21C4C67E300590959 /* idle2.png */; };
		8DCD66E91C4C67E300590959 /* idle3.png in Resources */ = {isa = PBXBuildFile; fileRef = 8DCD66D31C4C67E300590959 /* idle3.png */; };
		8DCD66EA1C4C67E300590959 /* idle4.png in Resources */ = {isa = PBXBuildFile; fileRef = 8DCD66D41C4C67E300590959 /* idle4.png */; };
		8DCD66EB1C4C67E300590959 /* livespanel.png in Resources */ = {isa = PBXBuildFile; fileRef = 8DCD66D51C4C67E300590959 /* livespanel.png */; };
		8DCD66EC1C4C67E300590959 /* rock.png in Resources */ = {isa = PBXBuildFile; fileRef = 8DCD66D61C4C67E300590959 /* rock.png */; };
		8DCD66ED1C4C67E300590959 /* skull.png in Resources */ = {isa = PBXBuildFile; fileRef = 8DCD66D71C4C67E300590959 /* skull.png */; };
		8DCD66EE1C4C67E300590959 /* skull.wav in Resources */ = {isa = PBXBuildFile; fileRef = 8DCD66D81C4C67E300590959 /* skull.wav */; };
		8DCD66F21C4C774B00590959 /* Dragimg.swift in Sources */ = {isa = PBXBuildFile; fileRef = 8DCD66F11C4C774B00590959 /* Dragimg.swift */; };
		8DEE732A1C4C90530040E99F /* MonsterImg.swift in Sources */ = {isa = PBXBuildFile; fileRef = 8DEE73291C4C90530040E99F /* MonsterImg.swift */; };
/* End PBXBuildFile section */

/* Begin PBXFileReference section */
		8DCD66AE1C4C677E00590959 /* My Little Pet.app */ = {isa = PBXFileReference; explicitFileType = wrapper.application; includeInIndex = 0; path = "My Little Pet.app"; sourceTree = BUILT_PRODUCTS_DIR; };
		8DCD66B11C4C677E00590959 /* AppDelegate.swift */ = {isa = PBXFileReference; lastKnownFileType = sourcecode.swift; path = AppDelegate.swift; sourceTree = "<group>"; };
		8DCD66B31C4C677E00590959 /* ViewController.swift */ = {isa = PBXFileReference; lastKnownFileType = sourcecode.swift; path = ViewController.swift; sourceTree = "<group>"; };
		8DCD66B61C4C677E00590959 /* Base */ = {isa = PBXFileReference; lastKnownFileType = file.storyboard; name = Base; path = Base.lproj/Main.storyboard; sourceTree = "<group>"; };
		8DCD66B81C4C677E00590959 /* Assets.xcassets */ = {isa = PBXFileReference; lastKnownFileType = folder.assetcatalog; path = Assets.xcassets; sourceTree = "<group>"; };
		8DCD66BB1C4C677E00590959 /* Base */ = {isa = PBXFileReference; lastKnownFileType = file.storyboard; name = Base; path = Base.lproj/LaunchScreen.storyboard; sourceTree = "<group>"; };
		8DCD66BD1C4C677E00590959 /* Info.plist */ = {isa = PBXFileReference; lastKnownFileType = text.plist.xml; path = Info.plist; sourceTree = "<group>"; };
		8DCD66C31C4C67E300590959 /* bg.png */ = {isa = PBXFileReference; lastKnownFileType = image.png; path = bg.png; sourceTree = "<group>"; };
		8DCD66C41C4C67E300590959 /* bite.wav */ = {isa = PBXFileReference; lastKnownFileType = audio.wav; path = bite.wav; sourceTree = "<group>"; };
		8DCD66C51C4C67E300590959 /* cave-music.mp3 */ = {isa = PBXFileReference; lastKnownFileType = audio.mp3; path = "cave-music.mp3"; sourceTree = "<group>"; };
		8DCD66C61C4C67E300590959 /* creature.png */ = {isa = PBXFileReference; lastKnownFileType = image.png; path = creature.png; sourceTree = "<group>"; };
		8DCD66C71C4C67E300590959 /* dead1.png */ = {isa = PBXFileReference; lastKnownFileType = image.png; path = dead1.png; sourceTree = "<group>"; };
		8DCD66C81C4C67E300590959 /* dead2.png */ = {isa = PBXFileReference; lastKnownFileType = image.png; path = dead2.png; sourceTree = "<group>"; };
		8DCD66C91C4C67E300590959 /* dead3.png */ = {isa = PBXFileReference; lastKnownFileType = image.png; path = dead3.png; sourceTree = "<group>"; };
		8DCD66CA1C4C67E300590959 /* dead4.png */ = {isa = PBXFileReference; lastKnownFileType = image.png; path = dead4.png; sourceTree = "<group>"; };
		8DCD66CB1C4C67E300590959 /* dead5.png */ = {isa = PBXFileReference; lastKnownFileType = image.png; path = dead5.png; sourceTree = "<group>"; };
		8DCD66CC1C4C67E300590959 /* death.wav */ = {isa = PBXFileReference; lastKnownFileType = audio.wav; path = death.wav; sourceTree = "<group>"; };
		8DCD66CD1C4C67E300590959 /* food.png */ = {isa = PBXFileReference; lastKnownFileType = image.png; path = food.png; sourceTree = "<group>"; };
		8DCD66CE1C4C67E300590959 /* ground.png */ = {isa = PBXFileReference; lastKnownFileType = image.png; path = ground.png; sourceTree = "<group>"; };
		8DCD66CF1C4C67E300590959 /* heart.png */ = {isa = PBXFileReference; lastKnownFileType = image.png; path = heart.png; sourceTree = "<group>"; };
		8DCD66D01C4C67E300590959 /* heart.wav */ = {isa = PBXFileReference; lastKnownFileType = audio.wav; path = heart.wav; sourceTree = "<group>"; };
		8DCD66D11C4C67E300590959 /* idle1.png */ = {isa = PBXFileReference; lastKnownFileType = image.png; path = idle1.png; sourceTree = "<group>"; };
		8DCD66D21C4C67E300590959 /* idle2.png */ = {isa = PBXFileReference; lastKnownFileType = image.png; path = idle2.png; sourceTree = "<group>"; };
		8DCD66D31C4C67E300590959 /* idle3.png */ = {isa = PBXFileReference; lastKnownFileType = image.png; path = idle3.png; sourceTree = "<group>"; };
		8DCD66D41C4C67E300590959 /* idle4.png */ = {isa = PBXFileReference; lastKnownFileType = image.png; path = idle4.png; sourceTree = "<group>"; };
		8DCD66D51C4C67E300590959 /* livespanel.png */ = {isa = PBXFileReference; lastKnownFileType = image.png; path = livespanel.png; sourceTree = "<group>"; };
		8DCD66D61C4C67E300590959 /* rock.png */ = {isa = PBXFileReference; lastKnownFileType = image.png; path = rock.png; sourceTree = "<group>"; };
		8DCD66D71C4C67E300590959 /* skull.png */ = {isa = PBXFileReference; lastKnownFileType = image.png; path = skull.png; sourceTree = "<group>"; };
		8DCD66D81C4C67E300590959 /* skull.wav */ = {isa = PBXFileReference; lastKnownFileType = audio.wav; path = skull.wav; sourceTree = "<group>"; };
		8DCD66F11C4C774B00590959 /* Dragimg.swift */ = {isa = PBXFileReference; fileEncoding = 4; lastKnownFileType = sourcecode.swift; path = Dragimg.swift; sourceTree = "<group>"; };
		8DEE73291C4C90530040E99F /* MonsterImg.swift */ = {isa = PBXFileReference; fileEncoding = 4; lastKnownFileType = sourcecode.swift; path = MonsterImg.swift; sourceTree = "<group>"; };
/* End PBXFileReference section */

/* Begin PBXFrameworksBuildPhase section */
		8DCD66AB1C4C677E00590959 /* Frameworks */ = {
			isa = PBXFrameworksBuildPhase;
			buildActionMask = 2147483647;
			files = (
			);
			runOnlyForDeploymentPostprocessing = 0;
		};
/* End PBXFrameworksBuildPhase section */

/* Begin PBXGroup section */
		8DCD66A51C4C677E00590959 = {
			isa = PBXGroup;
			children = (
				8DCD66B01C4C677E00590959 /* My Little Pet */,
				8DCD66AF1C4C677E00590959 /* Products */,
				8DCD66EF1C4C67FA00590959 /* images */,
				8DCD66F01C4C680A00590959 /* sounds */,
			);
			sourceTree = "<group>";
		};
		8DCD66AF1C4C677E00590959 /* Products */ = {
			isa = PBXGroup;
			children = (
				8DCD66AE1C4C677E00590959 /* My Little Pet.app */,
			);
			name = Products;
			sourceTree = "<group>";
		};
		8DCD66B01C4C677E00590959 /* My Little Pet */ = {
			isa = PBXGroup;
			children = (
				8DCD66B11C4C677E00590959 /* AppDelegate.swift */,
				8DCD66B31C4C677E00590959 /* ViewController.swift */,
				8DCD66B51C4C677E00590959 /* Main.storyboard */,
				8DCD66B81C4C677E00590959 /* Assets.xcassets */,
				8DCD66BA1C4C677E00590959 /* LaunchScreen.storyboard */,
				8DCD66BD1C4C677E00590959 /* Info.plist */,
				8DCD66F11C4C774B00590959 /* Dragimg.swift */,
				8DEE73291C4C90530040E99F /* MonsterImg.swift */,
			);
			path = "My Little Pet";
			sourceTree = "<group>";
		};
		8DCD66EF1C4C67FA00590959 /* images */ = {
			isa = PBXGroup;
			children = (
				8DCD66C31C4C67E300590959 /* bg.png */,
				8DCD66C61C4C67E300590959 /* creature.png */,
				8DCD66C71C4C67E300590959 /* dead1.png */,
				8DCD66C81C4C67E300590959 /* dead2.png */,
				8DCD66C91C4C67E300590959 /* dead3.png */,
				8DCD66CA1C4C67E300590959 /* dead4.png */,
				8DCD66CB1C4C67E300590959 /* dead5.png */,
				8DCD66CD1C4C67E300590959 /* food.png */,
				8DCD66CE1C4C67E300590959 /* ground.png */,
				8DCD66CF1C4C67E300590959 /* heart.png */,
				8DCD66D11C4C67E300590959 /* idle1.png */,
				8DCD66D21C4C67E300590959 /* idle2.png */,
				8DCD66D31C4C67E300590959 /* idle3.png */,
				8DCD66D41C4C67E300590959 /* idle4.png */,
				8DCD66D51C4C67E300590959 /* livespanel.png */,
				8DCD66D61C4C67E300590959 /* rock.png */,
				8DCD66D71C4C67E300590959 /* skull.png */,
			);
			name = images;
			sourceTree = "<group>";
		};
		8DCD66F01C4C680A00590959 /* sounds */ = {
			isa = PBXGroup;
			children = (
				8DCD66D01C4C67E300590959 /* heart.wav */,
				8DCD66C41C4C67E300590959 /* bite.wav */,
				8DCD66C51C4C67E300590959 /* cave-music.mp3 */,
				8DCD66CC1C4C67E300590959 /* death.wav */,
				8DCD66D81C4C67E300590959 /* skull.wav */,
			);
			name = sounds;
			sourceTree = "<group>";
		};
/* End PBXGroup section */

/* Begin PBXNativeTarget section */
		8DCD66AD1C4C677E00590959 /* My Little Pet */ = {
			isa = PBXNativeTarget;
			buildConfigurationList = 8DCD66C01C4C677E00590959 /* Build configuration list for PBXNativeTarget "My Little Pet" */;
			buildPhases = (
				8DCD66AA1C4C677E00590959 /* Sources */,
				8DCD66AB1C4C677E00590959 /* Frameworks */,
				8DCD66AC1C4C677E00590959 /* Resources */,
			);
			buildRules = (
			);
			dependencies = (
			);
			name = "My Little Pet";
			productName = "My Little Pet";
			productReference = 8DCD66AE1C4C677E00590959 /* My Little Pet.app */;
			productType = "com.apple.product-type.application";
		};
/* End PBXNativeTarget section */

/* Begin PBXProject section */
		8DCD66A61C4C677E00590959 /* Project object */ = {
			isa = PBXProject;
			attributes = {
				LastSwiftUpdateCheck = 0720;
				LastUpgradeCheck = 0720;
				ORGANIZATIONNAME = SCDE;
				TargetAttributes = {
					8DCD66AD1C4C677E00590959 = {
						CreatedOnToolsVersion = 7.2;
					};
				};
			};
			buildConfigurationList = 8DCD66A91C4C677E00590959 /* Build configuration list for PBXProject "My Little Pet" */;
			compatibilityVersion = "Xcode 3.2";
			developmentRegion = English;
			hasScannedForEncodings = 0;
			knownRegions = (
				en,
				Base,
			);
			mainGroup = 8DCD66A51C4C677E00590959;
			productRefGroup = 8DCD66AF1C4C677E00590959 /* Products */;
			projectDirPath = "";
			projectRoot = "";
			targets = (
				8DCD66AD1C4C677E00590959 /* My Little Pet */,
			);
		};
/* End PBXProject section */

/* Begin PBXResourcesBuildPhase section */
		8DCD66AC1C4C677E00590959 /* Resources */ = {
			isa = PBXResourcesBuildPhase;
			buildActionMask = 2147483647;
			files = (
				8DCD66E51C4C67E300590959 /* heart.png in Resources */,
				8DCD66DA1C4C67E300590959 /* bite.wav in Resources */,
				8DCD66BC1C4C677E00590959 /* LaunchScreen.storyboard in Resources */,
				8DCD66E01C4C67E300590959 /* dead4.png in Resources */,
				8DCD66E81C4C67E300590959 /* idle2.png in Resources */,
				8DCD66B91C4C677E00590959 /* Assets.xcassets in Resources */,
				8DCD66DD1C4C67E300590959 /* dead1.png in Resources */,
				8DCD66ED1C4C67E300590959 /* skull.png in Resources */,
				8DCD66EC1C4C67E300590959 /* rock.png in Resources */,
				8DCD66E21C4C67E300590959 /* death.wav in Resources */,
				8DCD66D91C4C67E300590959 /* bg.png in Resources */,
				8DCD66DF1C4C67E300590959 /* dead3.png in Resources */,
				8DCD66E11C4C67E300590959 /* dead5.png in Resources */,
				8DCD66E41C4C67E300590959 /* ground.png in Resources */,
				8DCD66EB1C4C67E300590959 /* livespanel.png in Resources */,
				8DCD66E71C4C67E300590959 /* idle1.png in Resources */,
				8DCD66E91C4C67E300590959 /* idle3.png in Resources */,
				8DCD66EA1C4C67E300590959 /* idle4.png in Resources */,
				8DCD66DC1C4C67E300590959 /* creature.png in Resources */,
				8DCD66B71C4C677E00590959 /* Main.storyboard in Resources */,
				8DCD66E31C4C67E300590959 /* food.png in Resources */,
				8DCD66E61C4C67E300590959 /* heart.wav in Resources */,
				8DCD66DE1C4C67E300590959 /* dead2.png in Resources */,
				8DCD66DB1C4C67E300590959 /* cave-music.mp3 in Resources */,
				8DCD66EE1C4C67E300590959 /* skull.wav in Resources */,
			);
			runOnlyForDeploymentPostprocessing = 0;
		};
/* End PBXResourcesBuildPhase section */

/* Begin PBXSourcesBuildPhase section */
		8DCD66AA1C4C677E00590959 /* Sources */ = {
			isa = PBXSourcesBuildPhase;
			buildActionMask = 2147483647;
			files = (
				8DEE732A1C4C90530040E99F /* MonsterImg.swift in Sources */,
				8DCD66B41C4C677E00590959 /* ViewController.swift in Sources */,
				8DCD66B21C4C677E00590959 /* AppDelegate.swift in Sources */,
				8DCD66F21C4C774B00590959 /* Dragimg.swift in Sources */,
			);
			runOnlyForDeploymentPostprocessing = 0;
		};
/* End PBXSourcesBuildPhase section */

/* Begin PBXVariantGroup section */
		8DCD66B51C4C677E00590959 /* Main.storyboard */ = {
			isa = PBXVariantGroup;
			children = (
				8DCD66B61C4C677E00590959 /* Base */,
			);
			name = Main.storyboard;
			sourceTree = "<group>";
		};
		8DCD66BA1C4C677E00590959 /* LaunchScreen.storyboard */ = {
			isa = PBXVariantGroup;
			children = (
				8DCD66BB1C4C677E00590959 /* Base */,
			);
			name = LaunchScreen.storyboard;
			sourceTree = "<group>";
		};
/* End PBXVariantGroup section */

/* Begin XCBuildConfiguration section */
		8DCD66BE1C4C677E00590959 /* Debug */ = {
			isa = XCBuildConfiguration;
			buildSettings = {
				ALWAYS_SEARCH_USER_PATHS = NO;
				CLANG_CXX_LANGUAGE_STANDARD = "gnu++0x";
				CLANG_CXX_LIBRARY = "libc++";
				CLANG_ENABLE_MODULES = YES;
				CLANG_ENABLE_OBJC_ARC = YES;
				CLANG_WARN_BOOL_CONVERSION = YES;
				CLANG_WARN_CONSTANT_CONVERSION = YES;
				CLANG_WARN_DIRECT_OBJC_ISA_USAGE = YES_ERROR;
				CLANG_WARN_EMPTY_BODY = YES;
				CLANG_WARN_ENUM_CONVERSION = YES;
				CLANG_WARN_INT_CONVERSION = YES;
				CLANG_WARN_OBJC_ROOT_CLASS = YES_ERROR;
				CLANG_WARN_UNREACHABLE_CODE = YES;
				CLANG_WARN__DUPLICATE_METHOD_MATCH = YES;
				"CODE_SIGN_IDENTITY[sdk=iphoneos*]" = "iPhone Developer";
				COPY_PHASE_STRIP = NO;
				DEBUG_INFORMATION_FORMAT = dwarf;
				ENABLE_STRICT_OBJC_MSGSEND = YES;
				ENABLE_TESTABILITY = YES;
				GCC_C_LANGUAGE_STANDARD = gnu99;
				GCC_DYNAMIC_NO_PIC = NO;
				GCC_NO_COMMON_BLOCKS = YES;
				GCC_OPTIMIZATION_LEVEL = 0;
				GCC_PREPROCESSOR_DEFINITIONS = (
					"DEBUG=1",
					"$(inherited)",
				);
				GCC_WARN_64_TO_32_BIT_CONVERSION = YES;
				GCC_WARN_ABOUT_RETURN_TYPE = YES_ERROR;
				GCC_WARN_UNDECLARED_SELECTOR = YES;
				GCC_WARN_UNINITIALIZED_AUTOS = YES_AGGRESSIVE;
				GCC_WARN_UNUSED_FUNCTION = YES;
				GCC_WARN_UNUSED_VARIABLE = YES;
				IPHONEOS_DEPLOYMENT_TARGET = 9.2;
				MTL_ENABLE_DEBUG_INFO = YES;
				ONLY_ACTIVE_ARCH = YES;
				SDKROOT = iphoneos;
				SWIFT_OPTIMIZATION_LEVEL = "-Onone";
				TARGETED_DEVICE_FAMILY = "1,2";
			};
			name = Debug;
		};
		8DCD66BF1C4C677E00590959 /* Release */ = {
			isa = XCBuildConfiguration;
			buildSettings = {
				ALWAYS_SEARCH_USER_PATHS = NO;
				CLANG_CXX_LANGUAGE_STANDARD = "gnu++0x";
				CLANG_CXX_LIBRARY = "libc++";
				CLANG_ENABLE_MODULES = YES;
				CLANG_ENABLE_OBJC_ARC = YES;
				CLANG_WARN_BOOL_CONVERSION = YES;
				CLANG_WARN_CONSTANT_CONVERSION = YES;
				CLANG_WARN_DIRECT_OBJC_ISA_USAGE = YES_ERROR;
				CLANG_WARN_EMPTY_BODY = YES;
				CLANG_WARN_ENUM_CONVERSION = YES;
				CLANG_WARN_INT_CONVERSION = YES;
				CLANG_WARN_OBJC_ROOT_CLASS = YES_ERROR;
				CLANG_WARN_UNREACHABLE_CODE = YES;
				CLANG_WARN__DUPLICATE_METHOD_MATCH = YES;
				"CODE_SIGN_IDENTITY[sdk=iphoneos*]" = "iPhone Developer";
				COPY_PHASE_STRIP = NO;
				DEBUG_INFORMATION_FORMAT = "dwarf-with-dsym";
				ENABLE_NS_ASSERTIONS = NO;
				ENABLE_STRICT_OBJC_MSGSEND = YES;
				GCC_C_LANGUAGE_STANDARD = gnu99;
				GCC_NO_COMMON_BLOCKS = YES;
				GCC_WARN_64_TO_32_BIT_CONVERSION = YES;
				GCC_WARN_ABOUT_RETURN_TYPE = YES_ERROR;
				GCC_WARN_UNDECLARED_SELECTOR = YES;
				GCC_WARN_UNINITIALIZED_AUTOS = YES_AGGRESSIVE;
				GCC_WARN_UNUSED_FUNCTION = YES;
				GCC_WARN_UNUSED_VARIABLE = YES;
				IPHONEOS_DEPLOYMENT_TARGET = 9.2;
				MTL_ENABLE_DEBUG_INFO = NO;
				SDKROOT = iphoneos;
				TARGETED_DEVICE_FAMILY = "1,2";
				VALIDATE_PRODUCT = YES;
			};
			name = Release;
		};
		8DCD66C11C4C677E00590959 /* Debug */ = {
			isa = XCBuildConfiguration;
			buildSettings = {
				ASSETCATALOG_COMPILER_APPICON_NAME = AppIcon;
				INFOPLIST_FILE = "My Little Pet/Info.plist";
				LD_RUNPATH_SEARCH_PATHS = "$(inherited) @executable_path/Frameworks";
				PRODUCT_BUNDLE_IDENTIFIER = "com.SCDE.My-Little-Pet";
				PRODUCT_NAME = "$(TARGET_NAME)";
			};
			name = Debug;
		};
		8DCD66C21C4C677E00590959 /* Release */ = {
			isa = XCBuildConfiguration;
			buildSettings = {
				ASSETCATALOG_COMPILER_APPICON_NAME = AppIcon;
				INFOPLIST_FILE = "My Little Pet/Info.plist";
				LD_RUNPATH_SEARCH_PATHS = "$(inherited) @executable_path/Frameworks";
				PRODUCT_BUNDLE_IDENTIFIER = "com.SCDE.My-Little-Pet";
				PRODUCT_NAME = "$(TARGET_NAME)";
			};
			name = Release;
		};
/* End XCBuildConfiguration section */

/* Begin XCConfigurationList section */
		8DCD66A91C4C677E00590959 /* Build configuration list for PBXProject "My Little Pet" */ = {
			isa = XCConfigurationList;
			buildConfigurations = (
				8DCD66BE1C4C677E00590959 /* Debug */,
				8DCD66BF1C4C677E00590959 /* Release */,
			);
			defaultConfigurationIsVisible = 0;
			defaultConfigurationName = Release;
		};
		8DCD66C01C4C677E00590959 /* Build configuration list for PBXNativeTarget "My Little Pet" */ = {
			isa = XCConfigurationList;
			buildConfigurations = (
				8DCD66C11C4C677E00590959 /* Debug */,
				8DCD66C21C4C677E00590959 /* Release */,
			);
			defaultConfigurationIsVisible = 0;
			defaultConfigurationName = Release;
		};
/* End XCConfigurationList section */
	};
	rootObject = 8DCD66A61C4C677E00590959 /* Project object */;
}
